// !$*UTF8*$!
{
	archiveVersion = 1;
	classes = {
	};
	objectVersion = 48;
	objects = {

/* Begin PBXBuildFile section */
		108069F2D87379529A08666A /* Pods_MENTAID.framework in Frameworks */ = {isa = PBXBuildFile; fileRef = ADB8B6A84518354D9513A044 /* Pods_MENTAID.framework */; };
		5217F3E61859EE0000F2D5BB /* Foundation.framework in Frameworks */ = {isa = PBXBuildFile; fileRef = 5217F3E51859EE0000F2D5BB /* Foundation.framework */; };
		5217F3E81859EE0000F2D5BB /* CoreGraphics.framework in Frameworks */ = {isa = PBXBuildFile; fileRef = 5217F3E71859EE0000F2D5BB /* CoreGraphics.framework */; };
		5217F3EA1859EE0000F2D5BB /* UIKit.framework in Frameworks */ = {isa = PBXBuildFile; fileRef = 5217F3E91859EE0000F2D5BB /* UIKit.framework */; };
		5217F41B1859EEF400F2D5BB /* CoreBluetooth.framework in Frameworks */ = {isa = PBXBuildFile; fileRef = 5217F41A1859EEF400F2D5BB /* CoreBluetooth.framework */; };
		522636371C60FFB00054A550 /* libz.tbd in Frameworks */ = {isa = PBXBuildFile; fileRef = 522636361C60FFB00054A550 /* libz.tbd */; };
		52BDCB191C3FD31F00E2680F /* Accelerate.framework in Frameworks */ = {isa = PBXBuildFile; fileRef = 52BDCB181C3FD31F00E2680F /* Accelerate.framework */; };
		52BDCBBE1C3FD86900E2680F /* QuartzCore.framework in Frameworks */ = {isa = PBXBuildFile; fileRef = 52BDCBBD1C3FD86900E2680F /* QuartzCore.framework */; };
		DA44844F1F32A2C400BDFD1A /* DebugViewController.swift in Sources */ = {isa = PBXBuildFile; fileRef = DA44844D1F32A2C400BDFD1A /* DebugViewController.swift */; };
		DA4484501F32A2C400BDFD1A /* DataModel.swift in Sources */ = {isa = PBXBuildFile; fileRef = DA44844E1F32A2C400BDFD1A /* DataModel.swift */; };
		DA44845E1F33F5CE00BDFD1A /* MainViewController.swift in Sources */ = {isa = PBXBuildFile; fileRef = DA44845C1F33F5CE00BDFD1A /* MainViewController.swift */; };
		DA44845F1F33F5CE00BDFD1A /* NavigationController.swift in Sources */ = {isa = PBXBuildFile; fileRef = DA44845D1F33F5CE00BDFD1A /* NavigationController.swift */; };
		DA4484671F33F60F00BDFD1A /* MAViewController.swift in Sources */ = {isa = PBXBuildFile; fileRef = DA4484661F33F60F00BDFD1A /* MAViewController.swift */; };
		DA44846C1F33F62500BDFD1A /* AppUtilities.swift in Sources */ = {isa = PBXBuildFile; fileRef = DA4484681F33F62500BDFD1A /* AppUtilities.swift */; };
		DA44846D1F33F62500BDFD1A /* CharacteristicReader.swift in Sources */ = {isa = PBXBuildFile; fileRef = DA4484691F33F62500BDFD1A /* CharacteristicReader.swift */; };
		DA44846E1F33F62500BDFD1A /* Data.swift in Sources */ = {isa = PBXBuildFile; fileRef = DA44846A1F33F62500BDFD1A /* Data.swift */; };
		DA44846F1F33F62500BDFD1A /* ServiceIdentifiers.swift in Sources */ = {isa = PBXBuildFile; fileRef = DA44846B1F33F62500BDFD1A /* ServiceIdentifiers.swift */; };
		DA4484721F33F63100BDFD1A /* BaseRevealViewController.swift in Sources */ = {isa = PBXBuildFile; fileRef = DA4484701F33F63100BDFD1A /* BaseRevealViewController.swift */; };
		DA4484731F33F63100BDFD1A /* BaseViewController.swift in Sources */ = {isa = PBXBuildFile; fileRef = DA4484711F33F63100BDFD1A /* BaseViewController.swift */; };
		DA4484751F33F63B00BDFD1A /* AppDelegate.swift in Sources */ = {isa = PBXBuildFile; fileRef = DA4484741F33F63B00BDFD1A /* AppDelegate.swift */; };
		DA4484771F33F65200BDFD1A /* Images.xcassets in Resources */ = {isa = PBXBuildFile; fileRef = DA4484761F33F65200BDFD1A /* Images.xcassets */; };
		DA4484791F33F66B00BDFD1A /* MENTAID-Info.plist in Resources */ = {isa = PBXBuildFile; fileRef = DA4484781F33F66B00BDFD1A /* MENTAID-Info.plist */; };
		DA4484831F33F7A500BDFD1A /* Launch Screen.storyboard in Resources */ = {isa = PBXBuildFile; fileRef = DA44847F1F33F7A500BDFD1A /* Launch Screen.storyboard */; };
		DA4484841F33F7A500BDFD1A /* Main.storyboard in Resources */ = {isa = PBXBuildFile; fileRef = DA4484811F33F7A500BDFD1A /* Main.storyboard */; };
		DA44848E1F33F83000BDFD1A /* ScannedPeripheral.swift in Sources */ = {isa = PBXBuildFile; fileRef = DA44848B1F33F83000BDFD1A /* ScannedPeripheral.swift */; };
		DA44848F1F33F83000BDFD1A /* ScannerDelegate.swift in Sources */ = {isa = PBXBuildFile; fileRef = DA44848C1F33F83000BDFD1A /* ScannerDelegate.swift */; };
		DA4484901F33F83000BDFD1A /* ScannerViewController.swift in Sources */ = {isa = PBXBuildFile; fileRef = DA44848D1F33F83000BDFD1A /* ScannerViewController.swift */; };
		DAF107A41F3B795300816A76 /* Keys.swift in Sources */ = {isa = PBXBuildFile; fileRef = DAF107A31F3B795300816A76 /* Keys.swift */; };
/* End PBXBuildFile section */

/* Begin PBXCopyFilesBuildPhase section */
		0E645A0E1CBF943000D36AD0 /* Embed Frameworks */ = {
			isa = PBXCopyFilesBuildPhase;
			buildActionMask = 12;
			dstPath = "";
			dstSubfolderSpec = 10;
			files = (
			);
			name = "Embed Frameworks";
			runOnlyForDeploymentPostprocessing = 0;
		};
/* End PBXCopyFilesBuildPhase section */

/* Begin PBXFileReference section */
		22F2F9E869C4C07D977ABB8D /* Pods-MENTAID.debug.xcconfig */ = {isa = PBXFileReference; includeInIndex = 1; lastKnownFileType = text.xcconfig; name = "Pods-MENTAID.debug.xcconfig"; path = "Pods/Target Support Files/Pods-MENTAID/Pods-MENTAID.debug.xcconfig"; sourceTree = "<group>"; };
		5217F3E21859EE0000F2D5BB /* MENTAID.app */ = {isa = PBXFileReference; explicitFileType = wrapper.application; includeInIndex = 0; path = MENTAID.app; sourceTree = BUILT_PRODUCTS_DIR; };
		5217F3E51859EE0000F2D5BB /* Foundation.framework */ = {isa = PBXFileReference; lastKnownFileType = wrapper.framework; name = Foundation.framework; path = System/Library/Frameworks/Foundation.framework; sourceTree = SDKROOT; };
		5217F3E71859EE0000F2D5BB /* CoreGraphics.framework */ = {isa = PBXFileReference; lastKnownFileType = wrapper.framework; name = CoreGraphics.framework; path = System/Library/Frameworks/CoreGraphics.framework; sourceTree = SDKROOT; };
		5217F3E91859EE0000F2D5BB /* UIKit.framework */ = {isa = PBXFileReference; lastKnownFileType = wrapper.framework; name = UIKit.framework; path = System/Library/Frameworks/UIKit.framework; sourceTree = SDKROOT; };
		5217F3EF1859EE0000F2D5BB /* en */ = {isa = PBXFileReference; lastKnownFileType = text.plist.strings; name = en; path = en.lproj/InfoPlist.strings; sourceTree = "<group>"; };
		5217F41A1859EEF400F2D5BB /* CoreBluetooth.framework */ = {isa = PBXFileReference; lastKnownFileType = wrapper.framework; name = CoreBluetooth.framework; path = System/Library/Frameworks/CoreBluetooth.framework; sourceTree = SDKROOT; };
		522636361C60FFB00054A550 /* libz.tbd */ = {isa = PBXFileReference; lastKnownFileType = "sourcecode.text-based-dylib-definition"; name = libz.tbd; path = usr/lib/libz.tbd; sourceTree = SDKROOT; };
		52BDCB181C3FD31F00E2680F /* Accelerate.framework */ = {isa = PBXFileReference; lastKnownFileType = wrapper.framework; name = Accelerate.framework; path = System/Library/Frameworks/Accelerate.framework; sourceTree = SDKROOT; };
		52BDCBBD1C3FD86900E2680F /* QuartzCore.framework */ = {isa = PBXFileReference; lastKnownFileType = wrapper.framework; name = QuartzCore.framework; path = System/Library/Frameworks/QuartzCore.framework; sourceTree = SDKROOT; };
		845945495D322A181A7C8736 /* Pods-MENTAID.release.xcconfig */ = {isa = PBXFileReference; includeInIndex = 1; lastKnownFileType = text.xcconfig; name = "Pods-MENTAID.release.xcconfig"; path = "Pods/Target Support Files/Pods-MENTAID/Pods-MENTAID.release.xcconfig"; sourceTree = "<group>"; };
		89CF4D2BA242FBAD9F6C46E9 /* Pods.framework */ = {isa = PBXFileReference; explicitFileType = wrapper.framework; includeInIndex = 0; path = Pods.framework; sourceTree = BUILT_PRODUCTS_DIR; };
		ADB8B6A84518354D9513A044 /* Pods_MENTAID.framework */ = {isa = PBXFileReference; explicitFileType = wrapper.framework; includeInIndex = 0; path = Pods_MENTAID.framework; sourceTree = BUILT_PRODUCTS_DIR; };
		DA44844D1F32A2C400BDFD1A /* DebugViewController.swift */ = {isa = PBXFileReference; fileEncoding = 4; lastKnownFileType = sourcecode.swift; name = DebugViewController.swift; path = Mentaid/DebugViewController.swift; sourceTree = SOURCE_ROOT; };
		DA44844E1F32A2C400BDFD1A /* DataModel.swift */ = {isa = PBXFileReference; fileEncoding = 4; lastKnownFileType = sourcecode.swift; name = DataModel.swift; path = Mentaid/DataModel.swift; sourceTree = SOURCE_ROOT; };
		DA4484591F33F57500BDFD1A /* Mentaid.entitlements */ = {isa = PBXFileReference; fileEncoding = 4; lastKnownFileType = text.plist.entitlements; name = Mentaid.entitlements; path = Mentaid/Mentaid.entitlements; sourceTree = SOURCE_ROOT; };
		DA44845C1F33F5CE00BDFD1A /* MainViewController.swift */ = {isa = PBXFileReference; fileEncoding = 4; lastKnownFileType = sourcecode.swift; name = MainViewController.swift; path = Mentaid/MainViewController/MainViewController.swift; sourceTree = SOURCE_ROOT; };
		DA44845D1F33F5CE00BDFD1A /* NavigationController.swift */ = {isa = PBXFileReference; fileEncoding = 4; lastKnownFileType = sourcecode.swift; name = NavigationController.swift; path = Mentaid/MainViewController/NavigationController.swift; sourceTree = SOURCE_ROOT; };
		DA4484661F33F60F00BDFD1A /* MAViewController.swift */ = {isa = PBXFileReference; fileEncoding = 4; lastKnownFileType = sourcecode.swift; name = MAViewController.swift; path = Mentaid/MA/MAViewController.swift; sourceTree = SOURCE_ROOT; };
		DA4484681F33F62500BDFD1A /* AppUtilities.swift */ = {isa = PBXFileReference; fileEncoding = 4; lastKnownFileType = sourcecode.swift; name = AppUtilities.swift; path = Mentaid/Utilities/AppUtilities.swift; sourceTree = SOURCE_ROOT; };
		DA4484691F33F62500BDFD1A /* CharacteristicReader.swift */ = {isa = PBXFileReference; fileEncoding = 4; lastKnownFileType = sourcecode.swift; name = CharacteristicReader.swift; path = Mentaid/Utilities/CharacteristicReader.swift; sourceTree = SOURCE_ROOT; };
		DA44846A1F33F62500BDFD1A /* Data.swift */ = {isa = PBXFileReference; fileEncoding = 4; lastKnownFileType = sourcecode.swift; name = Data.swift; path = Mentaid/Utilities/Data.swift; sourceTree = SOURCE_ROOT; };
		DA44846B1F33F62500BDFD1A /* ServiceIdentifiers.swift */ = {isa = PBXFileReference; fileEncoding = 4; lastKnownFileType = sourcecode.swift; name = ServiceIdentifiers.swift; path = Mentaid/Utilities/ServiceIdentifiers.swift; sourceTree = SOURCE_ROOT; };
		DA4484701F33F63100BDFD1A /* BaseRevealViewController.swift */ = {isa = PBXFileReference; fileEncoding = 4; lastKnownFileType = sourcecode.swift; name = BaseRevealViewController.swift; path = Mentaid/BaseViewController/BaseRevealViewController.swift; sourceTree = SOURCE_ROOT; };
		DA4484711F33F63100BDFD1A /* BaseViewController.swift */ = {isa = PBXFileReference; fileEncoding = 4; lastKnownFileType = sourcecode.swift; name = BaseViewController.swift; path = Mentaid/BaseViewController/BaseViewController.swift; sourceTree = SOURCE_ROOT; };
		DA4484741F33F63B00BDFD1A /* AppDelegate.swift */ = {isa = PBXFileReference; fileEncoding = 4; lastKnownFileType = sourcecode.swift; name = AppDelegate.swift; path = Mentaid/AppDelegate.swift; sourceTree = SOURCE_ROOT; };
		DA4484761F33F65200BDFD1A /* Images.xcassets */ = {isa = PBXFileReference; lastKnownFileType = folder.assetcatalog; name = Images.xcassets; path = Mentaid/Images.xcassets; sourceTree = SOURCE_ROOT; };
		DA4484781F33F66B00BDFD1A /* MENTAID-Info.plist */ = {isa = PBXFileReference; fileEncoding = 4; lastKnownFileType = text.plist.xml; name = "MENTAID-Info.plist"; path = "Mentaid/MENTAID-Info.plist"; sourceTree = SOURCE_ROOT; };
		DA4484801F33F7A500BDFD1A /* Base */ = {isa = PBXFileReference; lastKnownFileType = file.storyboard; name = Base; path = "Launch Screen.storyboard"; sourceTree = "<group>"; };
		DA4484821F33F7A500BDFD1A /* Base */ = {isa = PBXFileReference; lastKnownFileType = file.storyboard; name = Base; path = Main.storyboard; sourceTree = "<group>"; };
		DA44848B1F33F83000BDFD1A /* ScannedPeripheral.swift */ = {isa = PBXFileReference; fileEncoding = 4; lastKnownFileType = sourcecode.swift; path = ScannedPeripheral.swift; sourceTree = "<group>"; };
		DA44848C1F33F83000BDFD1A /* ScannerDelegate.swift */ = {isa = PBXFileReference; fileEncoding = 4; lastKnownFileType = sourcecode.swift; path = ScannerDelegate.swift; sourceTree = "<group>"; };
		DA44848D1F33F83000BDFD1A /* ScannerViewController.swift */ = {isa = PBXFileReference; fileEncoding = 4; lastKnownFileType = sourcecode.swift; path = ScannerViewController.swift; sourceTree = "<group>"; };
		DA4484921F33FD2E00BDFD1A /* MENTAID-Prefix.pch */ = {isa = PBXFileReference; fileEncoding = 4; lastKnownFileType = sourcecode.c.h; name = "MENTAID-Prefix.pch"; path = "Mentaid/MENTAID-Prefix.pch"; sourceTree = "<group>"; };
		DA4484991F3404A400BDFD1A /* en */ = {isa = PBXFileReference; lastKnownFileType = text.plist.strings; name = en; path = Mentaid/en.lproj/InfoPlist.strings; sourceTree = "<group>"; };
		DAF107A31F3B795300816A76 /* Keys.swift */ = {isa = PBXFileReference; fileEncoding = 4; lastKnownFileType = sourcecode.swift; path = Keys.swift; sourceTree = "<group>"; };
/* End PBXFileReference section */

/* Begin PBXFrameworksBuildPhase section */
		5217F3DF1859EE0000F2D5BB /* Frameworks */ = {
			isa = PBXFrameworksBuildPhase;
			buildActionMask = 2147483647;
			files = (
				522636371C60FFB00054A550 /* libz.tbd in Frameworks */,
				52BDCB191C3FD31F00E2680F /* Accelerate.framework in Frameworks */,
				52BDCBBE1C3FD86900E2680F /* QuartzCore.framework in Frameworks */,
				5217F41B1859EEF400F2D5BB /* CoreBluetooth.framework in Frameworks */,
				5217F3E81859EE0000F2D5BB /* CoreGraphics.framework in Frameworks */,
				5217F3EA1859EE0000F2D5BB /* UIKit.framework in Frameworks */,
				5217F3E61859EE0000F2D5BB /* Foundation.framework in Frameworks */,
				108069F2D87379529A08666A /* Pods_MENTAID.framework in Frameworks */,
			);
			runOnlyForDeploymentPostprocessing = 0;
		};
/* End PBXFrameworksBuildPhase section */

/* Begin PBXGroup section */
		022A9DC491EC95659788F163 /* Pods */ = {
			isa = PBXGroup;
			children = (
				22F2F9E869C4C07D977ABB8D /* Pods-MENTAID.debug.xcconfig */,
				845945495D322A181A7C8736 /* Pods-MENTAID.release.xcconfig */,
			);
			name = Pods;
			sourceTree = "<group>";
		};
		304299361CE6154100E1D2AB /* BaseViewController */ = {
			isa = PBXGroup;
			children = (
				DA4484701F33F63100BDFD1A /* BaseRevealViewController.swift */,
				DA4484711F33F63100BDFD1A /* BaseViewController.swift */,
			);
			name = BaseViewController;
			path = ../Mentaid/BaseViewController;
			sourceTree = "<group>";
		};
		5214D0CF18881D0200460637 /* Utilities */ = {
			isa = PBXGroup;
			children = (
				DA4484681F33F62500BDFD1A /* AppUtilities.swift */,
				DA4484691F33F62500BDFD1A /* CharacteristicReader.swift */,
				DA44846A1F33F62500BDFD1A /* Data.swift */,
				DA44846B1F33F62500BDFD1A /* ServiceIdentifiers.swift */,
			);
			name = Utilities;
			path = ../Mentaid/Utilities;
			sourceTree = "<group>";
		};
		5217F3D91859EE0000F2D5BB = {
			isa = PBXGroup;
			children = (
				DA4484981F3404A400BDFD1A /* InfoPlist.strings */,
				DA4484921F33FD2E00BDFD1A /* MENTAID-Prefix.pch */,
				5217F3EB1859EE0000F2D5BB /* Mentaid */,
				5217F3E41859EE0000F2D5BB /* Frameworks */,
				5217F3E31859EE0000F2D5BB /* Products */,
				022A9DC491EC95659788F163 /* Pods */,
			);
			sourceTree = "<group>";
		};
		5217F3E31859EE0000F2D5BB /* Products */ = {
			isa = PBXGroup;
			children = (
				5217F3E21859EE0000F2D5BB /* MENTAID.app */,
			);
			name = Products;
			sourceTree = "<group>";
		};
		5217F3E41859EE0000F2D5BB /* Frameworks */ = {
			isa = PBXGroup;
			children = (
				522636361C60FFB00054A550 /* libz.tbd */,
				52BDCBBD1C3FD86900E2680F /* QuartzCore.framework */,
				52BDCB181C3FD31F00E2680F /* Accelerate.framework */,
				5217F41A1859EEF400F2D5BB /* CoreBluetooth.framework */,
				5217F3E51859EE0000F2D5BB /* Foundation.framework */,
				5217F3E71859EE0000F2D5BB /* CoreGraphics.framework */,
				5217F3E91859EE0000F2D5BB /* UIKit.framework */,
				89CF4D2BA242FBAD9F6C46E9 /* Pods.framework */,
				ADB8B6A84518354D9513A044 /* Pods_MENTAID.framework */,
			);
			name = Frameworks;
			sourceTree = "<group>";
		};
		5217F3EB1859EE0000F2D5BB /* Mentaid */ = {
			isa = PBXGroup;
			children = (
				DAF107A31F3B795300816A76 /* Keys.swift */,
				DA44848A1F33F83000BDFD1A /* Scanner */,
				DA44847E1F33F7A500BDFD1A /* Base.lproj */,
				DA4484761F33F65200BDFD1A /* Images.xcassets */,
				DA4484591F33F57500BDFD1A /* Mentaid.entitlements */,
				DA44844D1F32A2C400BDFD1A /* DebugViewController.swift */,
				DA44844E1F32A2C400BDFD1A /* DataModel.swift */,
				A85667E31B2233A3004A6D3C /* MainViewController */,
				5236E164187EA7850057E974 /* MA */,
				5214D0CF18881D0200460637 /* Utilities */,
				304299361CE6154100E1D2AB /* BaseViewController */,
				DA4484741F33F63B00BDFD1A /* AppDelegate.swift */,
				5217F3EC1859EE0000F2D5BB /* Supporting Files */,
			);
			path = Mentaid;
			sourceTree = "<group>";
		};
		5217F3EC1859EE0000F2D5BB /* Supporting Files */ = {
			isa = PBXGroup;
			children = (
				DA4484781F33F66B00BDFD1A /* MENTAID-Info.plist */,
				5217F3EE1859EE0000F2D5BB /* InfoPlist.strings */,
			);
			name = "Supporting Files";
			path = ../Mentaid/en.lprog;
			sourceTree = "<group>";
		};
		5236E164187EA7850057E974 /* MA */ = {
			isa = PBXGroup;
			children = (
				DA4484661F33F60F00BDFD1A /* MAViewController.swift */,
			);
			name = MA;
			path = ../Mentaid/MA;
			sourceTree = "<group>";
		};
		A85667E31B2233A3004A6D3C /* MainViewController */ = {
			isa = PBXGroup;
			children = (
				DA44845C1F33F5CE00BDFD1A /* MainViewController.swift */,
				DA44845D1F33F5CE00BDFD1A /* NavigationController.swift */,
			);
			name = MainViewController;
			path = ../Mentaid/MainViewController;
			sourceTree = "<group>";
		};
		DA44847E1F33F7A500BDFD1A /* Base.lproj */ = {
			isa = PBXGroup;
			children = (
				DA44847F1F33F7A500BDFD1A /* Launch Screen.storyboard */,
				DA4484811F33F7A500BDFD1A /* Main.storyboard */,
			);
			name = Base.lproj;
			path = ../Mentaid/Base.lproj;
			sourceTree = "<group>";
		};
		DA44848A1F33F83000BDFD1A /* Scanner */ = {
			isa = PBXGroup;
			children = (
				DA44848B1F33F83000BDFD1A /* ScannedPeripheral.swift */,
				DA44848C1F33F83000BDFD1A /* ScannerDelegate.swift */,
				DA44848D1F33F83000BDFD1A /* ScannerViewController.swift */,
			);
			name = Scanner;
			path = Mentaid/Scanner;
			sourceTree = SOURCE_ROOT;
		};
/* End PBXGroup section */

/* Begin PBXNativeTarget section */
		5217F3E11859EE0000F2D5BB /* MENTAID */ = {
			isa = PBXNativeTarget;
			buildConfigurationList = 5217F4141859EE0000F2D5BB /* Build configuration list for PBXNativeTarget "MENTAID" */;
			buildPhases = (
				ED33C8D3ED1984AAE7F51DD3 /* [CP] Check Pods Manifest.lock */,
				5217F3DE1859EE0000F2D5BB /* Sources */,
				5217F3DF1859EE0000F2D5BB /* Frameworks */,
				5217F3E01859EE0000F2D5BB /* Resources */,
				0E645A0E1CBF943000D36AD0 /* Embed Frameworks */,
				0ED4FF3762A1B098595E6093 /* [CP] Embed Pods Frameworks */,
				48275A682DFCE468F90A906C /* [CP] Copy Pods Resources */,
			);
			buildRules = (
			);
			dependencies = (
			);
			name = MENTAID;
			productName = Mentaid;
			productReference = 5217F3E21859EE0000F2D5BB /* MENTAID.app */;
			productType = "com.apple.product-type.application";
		};
/* End PBXNativeTarget section */

/* Begin PBXProject section */
		5217F3DA1859EE0000F2D5BB /* Project object */ = {
			isa = PBXProject;
			attributes = {
				LastUpgradeCheck = 0800;
				ORGANIZATIONNAME = "Stanford University";
				TargetAttributes = {
					5217F3E11859EE0000F2D5BB = {
						LastSwiftMigration = 0800;
						SystemCapabilities = {
							com.apple.BackgroundModes = {
								enabled = 1;
							};
							com.apple.HomeKit = {
								enabled = 0;
							};
						};
					};
				};
			};
			buildConfigurationList = 5217F3DD1859EE0000F2D5BB /* Build configuration list for PBXProject "MENTAID" */;
			compatibilityVersion = "Xcode 8.0";
			developmentRegion = English;
			hasScannedForEncodings = 0;
			knownRegions = (
				en,
				Base,
			);
			mainGroup = 5217F3D91859EE0000F2D5BB;
			productRefGroup = 5217F3E31859EE0000F2D5BB /* Products */;
			projectDirPath = "";
			projectRoot = "";
			targets = (
				5217F3E11859EE0000F2D5BB /* MENTAID */,
			);
		};
/* End PBXProject section */

/* Begin PBXResourcesBuildPhase section */
		5217F3E01859EE0000F2D5BB /* Resources */ = {
			isa = PBXResourcesBuildPhase;
			buildActionMask = 2147483647;
			files = (
				DA4484771F33F65200BDFD1A /* Images.xcassets in Resources */,
				DA4484841F33F7A500BDFD1A /* Main.storyboard in Resources */,
				DA4484831F33F7A500BDFD1A /* Launch Screen.storyboard in Resources */,
				DA4484791F33F66B00BDFD1A /* MENTAID-Info.plist in Resources */,
			);
			runOnlyForDeploymentPostprocessing = 0;
		};
/* End PBXResourcesBuildPhase section */

/* Begin PBXShellScriptBuildPhase section */
		0ED4FF3762A1B098595E6093 /* [CP] Embed Pods Frameworks */ = {
			isa = PBXShellScriptBuildPhase;
			buildActionMask = 2147483647;
			files = (
			);
			inputPaths = (
				"${SRCROOT}/Pods/Target Support Files/Pods-MENTAID/Pods-MENTAID-frameworks.sh",
				"${BUILT_PRODUCTS_DIR}/CorePlot/CorePlot.framework",
				"${BUILT_PRODUCTS_DIR}/EVReflection/EVReflection.framework",
				"${BUILT_PRODUCTS_DIR}/SWRevealViewController/SWRevealViewController.framework",
				"${BUILT_PRODUCTS_DIR}/SwiftyBeaver/SwiftyBeaver.framework",
				"${BUILT_PRODUCTS_DIR}/Zip/Zip.framework",
				"${BUILT_PRODUCTS_DIR}/iOSDFULibrary/iOSDFULibrary.framework",
			);
			name = "[CP] Embed Pods Frameworks";
			outputPaths = (
				"${TARGET_BUILD_DIR}/${FRAMEWORKS_FOLDER_PATH}/CorePlot.framework",
				"${TARGET_BUILD_DIR}/${FRAMEWORKS_FOLDER_PATH}/EVReflection.framework",
				"${TARGET_BUILD_DIR}/${FRAMEWORKS_FOLDER_PATH}/SWRevealViewController.framework",
				"${TARGET_BUILD_DIR}/${FRAMEWORKS_FOLDER_PATH}/SwiftyBeaver.framework",
				"${TARGET_BUILD_DIR}/${FRAMEWORKS_FOLDER_PATH}/Zip.framework",
				"${TARGET_BUILD_DIR}/${FRAMEWORKS_FOLDER_PATH}/iOSDFULibrary.framework",
			);
			runOnlyForDeploymentPostprocessing = 0;
			shellPath = /bin/sh;
			shellScript = "\"${SRCROOT}/Pods/Target Support Files/Pods-MENTAID/Pods-MENTAID-frameworks.sh\"\n";
			showEnvVarsInLog = 0;
		};
		48275A682DFCE468F90A906C /* [CP] Copy Pods Resources */ = {
			isa = PBXShellScriptBuildPhase;
			buildActionMask = 2147483647;
			files = (
			);
			inputPaths = (
			);
			name = "[CP] Copy Pods Resources";
			outputPaths = (
			);
			runOnlyForDeploymentPostprocessing = 0;
			shellPath = /bin/sh;
			shellScript = "\"${SRCROOT}/Pods/Target Support Files/Pods-MENTAID/Pods-MENTAID-resources.sh\"\n";
			showEnvVarsInLog = 0;
		};
		ED33C8D3ED1984AAE7F51DD3 /* [CP] Check Pods Manifest.lock */ = {
			isa = PBXShellScriptBuildPhase;
			buildActionMask = 2147483647;
			files = (
			);
			inputPaths = (
				"${PODS_PODFILE_DIR_PATH}/Podfile.lock",
				"${PODS_ROOT}/Manifest.lock",
			);
			name = "[CP] Check Pods Manifest.lock";
			outputPaths = (
				"$(DERIVED_FILE_DIR)/Pods-MENTAID-checkManifestLockResult.txt",
			);
			runOnlyForDeploymentPostprocessing = 0;
			shellPath = /bin/sh;
			shellScript = "diff \"${PODS_PODFILE_DIR_PATH}/Podfile.lock\" \"${PODS_ROOT}/Manifest.lock\" > /dev/null\nif [ $? != 0 ] ; then\n    # print error to STDERR\n    echo \"error: The sandbox is not in sync with the Podfile.lock. Run 'pod install' or update your CocoaPods installation.\" >&2\n    exit 1\nfi\n# This output is used by Xcode 'outputs' to avoid re-running this script phase.\necho \"SUCCESS\" > \"${SCRIPT_OUTPUT_FILE_0}\"\n";
			showEnvVarsInLog = 0;
		};
/* End PBXShellScriptBuildPhase section */

/* Begin PBXSourcesBuildPhase section */
		5217F3DE1859EE0000F2D5BB /* Sources */ = {
			isa = PBXSourcesBuildPhase;
			buildActionMask = 2147483647;
			files = (
				DA44845F1F33F5CE00BDFD1A /* NavigationController.swift in Sources */,
				DAF107A41F3B795300816A76 /* Keys.swift in Sources */,
				DA44846D1F33F62500BDFD1A /* CharacteristicReader.swift in Sources */,
				DA4484501F32A2C400BDFD1A /* DataModel.swift in Sources */,
				DA44846C1F33F62500BDFD1A /* AppUtilities.swift in Sources */,
				DA4484731F33F63100BDFD1A /* BaseViewController.swift in Sources */,
				DA44848F1F33F83000BDFD1A /* ScannerDelegate.swift in Sources */,
				DA44846F1F33F62500BDFD1A /* ServiceIdentifiers.swift in Sources */,
				DA4484751F33F63B00BDFD1A /* AppDelegate.swift in Sources */,
				DA44845E1F33F5CE00BDFD1A /* MainViewController.swift in Sources */,
				DA44846E1F33F62500BDFD1A /* Data.swift in Sources */,
				DA44848E1F33F83000BDFD1A /* ScannedPeripheral.swift in Sources */,
				DA44844F1F32A2C400BDFD1A /* DebugViewController.swift in Sources */,
				DA4484721F33F63100BDFD1A /* BaseRevealViewController.swift in Sources */,
				DA4484671F33F60F00BDFD1A /* MAViewController.swift in Sources */,
				DA4484901F33F83000BDFD1A /* ScannerViewController.swift in Sources */,
			);
			runOnlyForDeploymentPostprocessing = 0;
		};
/* End PBXSourcesBuildPhase section */

/* Begin PBXVariantGroup section */
		5217F3EE1859EE0000F2D5BB /* InfoPlist.strings */ = {
			isa = PBXVariantGroup;
			children = (
				5217F3EF1859EE0000F2D5BB /* en */,
			);
			name = InfoPlist.strings;
			sourceTree = "<group>";
		};
		DA44847F1F33F7A500BDFD1A /* Launch Screen.storyboard */ = {
			isa = PBXVariantGroup;
			children = (
				DA4484801F33F7A500BDFD1A /* Base */,
			);
			name = "Launch Screen.storyboard";
			sourceTree = "<group>";
		};
		DA4484811F33F7A500BDFD1A /* Main.storyboard */ = {
			isa = PBXVariantGroup;
			children = (
				DA4484821F33F7A500BDFD1A /* Base */,
			);
			name = Main.storyboard;
			sourceTree = "<group>";
		};
		DA4484981F3404A400BDFD1A /* InfoPlist.strings */ = {
			isa = PBXVariantGroup;
			children = (
				DA4484991F3404A400BDFD1A /* en */,
			);
			name = InfoPlist.strings;
			sourceTree = "<group>";
		};
/* End PBXVariantGroup section */

/* Begin XCBuildConfiguration section */
		5217F4121859EE0000F2D5BB /* Debug */ = {
			isa = XCBuildConfiguration;
			buildSettings = {
				ALWAYS_EMBED_SWIFT_STANDARD_LIBRARIES = YES;
				ALWAYS_SEARCH_USER_PATHS = NO;
				"ARCHS[sdk=*]" = "$(ARCHS_STANDARD)";
				CLANG_CXX_LANGUAGE_STANDARD = "gnu++0x";
				CLANG_CXX_LIBRARY = "libc++";
				CLANG_ENABLE_MODULES = YES;
				CLANG_ENABLE_OBJC_ARC = YES;
				CLANG_WARN_BOOL_CONVERSION = YES;
				CLANG_WARN_CONSTANT_CONVERSION = YES;
				CLANG_WARN_DIRECT_OBJC_ISA_USAGE = YES_ERROR;
				CLANG_WARN_EMPTY_BODY = YES;
				CLANG_WARN_ENUM_CONVERSION = YES;
				CLANG_WARN_INFINITE_RECURSION = YES;
				CLANG_WARN_INT_CONVERSION = YES;
				CLANG_WARN_OBJC_ROOT_CLASS = YES_ERROR;
				CLANG_WARN_SUSPICIOUS_MOVE = YES;
				CLANG_WARN_UNREACHABLE_CODE = YES;
				CLANG_WARN__DUPLICATE_METHOD_MATCH = YES;
				CODE_SIGN_IDENTITY = "iPhone Developer";
				COPY_PHASE_STRIP = NO;
				ENABLE_BITCODE = NO;
				ENABLE_STRICT_OBJC_MSGSEND = YES;
				ENABLE_TESTABILITY = YES;
				GCC_C_LANGUAGE_STANDARD = gnu99;
				GCC_DYNAMIC_NO_PIC = NO;
				GCC_NO_COMMON_BLOCKS = YES;
				GCC_OPTIMIZATION_LEVEL = 0;
				GCC_PRECOMPILE_PREFIX_HEADER = YES;
				GCC_PREFIX_HEADER = "$(SRCROOT)/Mentaid/MENTAID-Prefix.pch";
				GCC_PREPROCESSOR_DEFINITIONS = (
					"DEBUG=1",
					"$(inherited)",
				);
				GCC_SYMBOLS_PRIVATE_EXTERN = NO;
				GCC_WARN_64_TO_32_BIT_CONVERSION = YES;
				GCC_WARN_ABOUT_RETURN_TYPE = YES_ERROR;
				GCC_WARN_UNDECLARED_SELECTOR = YES;
				GCC_WARN_UNINITIALIZED_AUTOS = YES;
				GCC_WARN_UNUSED_FUNCTION = YES;
				GCC_WARN_UNUSED_VARIABLE = YES;
				IPHONEOS_DEPLOYMENT_TARGET = 10.0;
				"LIBRARY_SEARCH_PATHS[arch=*]" = "$(inherited)";
				ONLY_ACTIVE_ARCH = YES;
				PROVISIONING_PROFILE = "";
				SDKROOT = iphoneos;
				VALIDATE_PRODUCT = YES;
				VALID_ARCHS = "arm64 armv7 armv7s";
			};
			name = Debug;
		};
		5217F4131859EE0000F2D5BB /* Release */ = {
			isa = XCBuildConfiguration;
			buildSettings = {
				ALWAYS_EMBED_SWIFT_STANDARD_LIBRARIES = YES;
				ALWAYS_SEARCH_USER_PATHS = NO;
				"ARCHS[sdk=*]" = "$(ARCHS_STANDARD)";
				CLANG_CXX_LANGUAGE_STANDARD = "gnu++0x";
				CLANG_CXX_LIBRARY = "libc++";
				CLANG_ENABLE_MODULES = YES;
				CLANG_ENABLE_OBJC_ARC = YES;
				CLANG_WARN_BOOL_CONVERSION = YES;
				CLANG_WARN_CONSTANT_CONVERSION = YES;
				CLANG_WARN_DIRECT_OBJC_ISA_USAGE = YES_ERROR;
				CLANG_WARN_EMPTY_BODY = YES;
				CLANG_WARN_ENUM_CONVERSION = YES;
				CLANG_WARN_INFINITE_RECURSION = YES;
				CLANG_WARN_INT_CONVERSION = YES;
				CLANG_WARN_OBJC_ROOT_CLASS = YES_ERROR;
				CLANG_WARN_SUSPICIOUS_MOVE = YES;
				CLANG_WARN_UNREACHABLE_CODE = YES;
				CLANG_WARN__DUPLICATE_METHOD_MATCH = YES;
				CODE_SIGN_IDENTITY = "iPhone Distribution";
				COPY_PHASE_STRIP = YES;
				ENABLE_BITCODE = NO;
				ENABLE_NS_ASSERTIONS = NO;
				ENABLE_STRICT_OBJC_MSGSEND = YES;
				GCC_C_LANGUAGE_STANDARD = gnu99;
				GCC_NO_COMMON_BLOCKS = YES;
				GCC_PRECOMPILE_PREFIX_HEADER = YES;
				GCC_PREFIX_HEADER = "$(SRCROOT)/Mentaid/MENTAID-Prefix.pch";
				GCC_WARN_64_TO_32_BIT_CONVERSION = YES;
				GCC_WARN_ABOUT_RETURN_TYPE = YES_ERROR;
				GCC_WARN_UNDECLARED_SELECTOR = YES;
				GCC_WARN_UNINITIALIZED_AUTOS = YES;
				GCC_WARN_UNUSED_FUNCTION = YES;
				GCC_WARN_UNUSED_VARIABLE = YES;
				IPHONEOS_DEPLOYMENT_TARGET = 10.0;
				"LIBRARY_SEARCH_PATHS[arch=*]" = "$(inherited)";
				ONLY_ACTIVE_ARCH = NO;
				PROVISIONING_PROFILE = "";
				SDKROOT = iphoneos;
				SWIFT_OPTIMIZATION_LEVEL = "-Owholemodule";
				VALIDATE_PRODUCT = YES;
				VALID_ARCHS = "arm64 armv7 armv7s";
			};
			name = Release;
		};
		5217F4151859EE0000F2D5BB /* Debug */ = {
			isa = XCBuildConfiguration;
			baseConfigurationReference = 22F2F9E869C4C07D977ABB8D /* Pods-MENTAID.debug.xcconfig */;
			buildSettings = {
				ALWAYS_EMBED_SWIFT_STANDARD_LIBRARIES = "$(inherited)";
				ALWAYS_SEARCH_USER_PATHS = NO;
				ASSETCATALOG_COMPILER_LAUNCHIMAGE_NAME = LaunchImage;
				CLANG_ENABLE_MODULES = YES;
				CODE_SIGN_IDENTITY = "iPhone Developer";
				DEFINES_MODULE = NO;
				DEVELOPMENT_TEAM = BWMVD3RGCX;
				ENABLE_BITCODE = YES;
				FRAMEWORK_SEARCH_PATHS = (
					"$(inherited)",
					"$(PROJECT_DIR)",
					"$(PODS_ROOT)",
				);
				GCC_PRECOMPILE_PREFIX_HEADER = YES;
				GCC_PREFIX_HEADER = "Mentaid/MENTAID-Prefix.pch";
				INFOPLIST_FILE = "$(SRCROOT)/Settings.bundle/Root.plist";
				IPHONEOS_DEPLOYMENT_TARGET = 10.0;
				LD_RUNPATH_SEARCH_PATHS = "$(inherited) @executable_path/Frameworks";
				LIBRARY_SEARCH_PATHS = (
					"$(inherited)",
					"$(PROJECT_DIR)",
					"$(PODS_ROOT)",
				);
				ONLY_ACTIVE_ARCH = YES;
				OTHER_LDFLAGS = (
					"$(inherited)",
					"-framework",
					"\"EVReflection\"",
					"-framework",
					"\"Zip\"",
					"-framework",
					"\"iOSDFULibrary\"",
					"-ObjC",
				);
				PRODUCT_BUNDLE_IDENTIFIER = Mentaid;
				PRODUCT_NAME = "$(TARGET_NAME)";
				PROVISIONING_PROFILE = "";
				SWIFT_INSTALL_OBJC_HEADER = NO;
				SWIFT_OBJC_BRIDGING_HEADER = "";
				SWIFT_OPTIMIZATION_LEVEL = "-Onone";
				SWIFT_VERSION = 3.0;
				TARGETED_DEVICE_FAMILY = "1,2";
				VALID_ARCHS = "$(VALID_ARCHS)";
				WRAPPER_EXTENSION = app;
			};
			name = Debug;
		};
		5217F4161859EE0000F2D5BB /* Release */ = {
			isa = XCBuildConfiguration;
			baseConfigurationReference = 845945495D322A181A7C8736 /* Pods-MENTAID.release.xcconfig */;
			buildSettings = {
				ALWAYS_EMBED_SWIFT_STANDARD_LIBRARIES = "$(inherited)";
				ALWAYS_SEARCH_USER_PATHS = NO;
				ASSETCATALOG_COMPILER_LAUNCHIMAGE_NAME = LaunchImage;
				CLANG_ENABLE_MODULES = YES;
				CODE_SIGN_IDENTITY = "iPhone Developer";
				DEFINES_MODULE = NO;
				DEVELOPMENT_TEAM = BWMVD3RGCX;
				ENABLE_BITCODE = YES;
				FRAMEWORK_SEARCH_PATHS = (
					"$(inherited)",
					"$(PROJECT_DIR)",
					"$(PODS_ROOT)",
				);
				GCC_PRECOMPILE_PREFIX_HEADER = YES;
				GCC_PREFIX_HEADER = "Mentaid/MENTAID-Prefix.pch";
				INFOPLIST_FILE = "$(SRCROOT)/Settings.bundle/Root.plist";
				IPHONEOS_DEPLOYMENT_TARGET = 10.0;
				LD_RUNPATH_SEARCH_PATHS = "$(inherited) @executable_path/Frameworks";
				LIBRARY_SEARCH_PATHS = (
					"$(inherited)",
					"$(PROJECT_DIR)",
					"$(PODS_ROOT)",
				);
				ONLY_ACTIVE_ARCH = NO;
				OTHER_LDFLAGS = (
					"$(inherited)",
					"-framework",
					"\"EVReflection\"",
					"-framework",
					"\"Zip\"",
					"-framework",
					"\"iOSDFULibrary\"",
					"-ObjC",
				);
				PRODUCT_BUNDLE_IDENTIFIER = Mentaid;
				PRODUCT_NAME = "$(TARGET_NAME)";
				PROVISIONING_PROFILE = "";
				SWIFT_INSTALL_OBJC_HEADER = NO;
				SWIFT_OBJC_BRIDGING_HEADER = "";
				SWIFT_VERSION = 3.0;
				TARGETED_DEVICE_FAMILY = "1,2";
				VALID_ARCHS = "$(VALID_ARCHS)";
				WRAPPER_EXTENSION = app;
			};
			name = Release;
		};
/* End XCBuildConfiguration section */

/* Begin XCConfigurationList section */
		5217F3DD1859EE0000F2D5BB /* Build configuration list for PBXProject "MENTAID" */ = {
			isa = XCConfigurationList;
			buildConfigurations = (
				5217F4121859EE0000F2D5BB /* Debug */,
				5217F4131859EE0000F2D5BB /* Release */,
			);
			defaultConfigurationIsVisible = 0;
			defaultConfigurationName = Release;
		};
		5217F4141859EE0000F2D5BB /* Build configuration list for PBXNativeTarget "MENTAID" */ = {
			isa = XCConfigurationList;
			buildConfigurations = (
				5217F4151859EE0000F2D5BB /* Debug */,
				5217F4161859EE0000F2D5BB /* Release */,
			);
			defaultConfigurationIsVisible = 0;
			defaultConfigurationName = Release;
		};
/* End XCConfigurationList section */
	};
	rootObject = 5217F3DA1859EE0000F2D5BB /* Project object */;
}
